{
  "name": "SSPredictor",
  "version": "1.0.0",
  "lockfileVersion": 1,
  "requires": true,
  "dependencies": {
    "igv": {
      "version": "2.3.3",
      "resolved": "https://registry.npmjs.org/igv/-/igv-2.3.3.tgz",
      "integrity": "sha512-bZvno7K8uv5n8eC3U8lk9Dr060d7djhdmdZojXQrErg2CARAmzrc2Q0fWDq8nGmuO+VCLEmxPYeCYmh0Vttt+A=="
    }
  }
}
